
Microsoft Visual Studio Solution File, Format Version 12.00
# Visual Studio Version 17
VisualStudioVersion = 17.2.32516.85
MinimumVisualStudioVersion = 10.0.40219.1
Project("{FAE04EC0-301F-11D3-BF4B-00C04F79EFBC}") = "PM2E17858.Android", "PM2E17858.Android\PM2E17858.Android.csproj", "{7620748E-342D-4F94-B98B-655565BC36C2}"
EndProject
Project("{FAE04EC0-301F-11D3-BF4B-00C04F79EFBC}") = "PM2E17858", "PM2E17858\PM2E17858.csproj", "{391BE8A2-FCF8-4524-AAE8-C5FDDDBA0B70}"
EndProject
Global
	GlobalSection(SolutionConfigurationPlatforms) = preSolution
		Debug|Any CPU = Debug|Any CPU
		Release|Any CPU = Release|Any CPU
	EndGlobalSection
	GlobalSection(ProjectConfigurationPlatforms) = postSolution
		{7620748E-342D-4F94-B98B-655565BC36C2}.Debug|Any CPU.ActiveCfg = Debug|Any CPU
		{7620748E-342D-4F94-B98B-655565BC36C2}.Debug|Any CPU.Build.0 = Debug|Any CPU
		{7620748E-342D-4F94-B98B-655565BC36C2}.Debug|Any CPU.Deploy.0 = Debug|Any CPU
		{7620748E-342D-4F94-B98B-655565BC36C2}.Release|Any CPU.ActiveCfg = Release|Any CPU
		{7620748E-342D-4F94-B98B-655565BC36C2}.Release|Any CPU.Build.0 = Release|Any CPU
		{7620748E-342D-4F94-B98B-655565BC36C2}.Release|Any CPU.Deploy.0 = Release|Any CPU
		{391BE8A2-FCF8-4524-AAE8-C5FDDDBA0B70}.Debug|Any CPU.ActiveCfg = Debug|Any CPU
		{391BE8A2-FCF8-4524-AAE8-C5FDDDBA0B70}.Debug|Any CPU.Build.0 = Debug|Any CPU
		{391BE8A2-FCF8-4524-AAE8-C5FDDDBA0B70}.Debug|Any CPU.Deploy.0 = Debug|Any CPU
		{391BE8A2-FCF8-4524-AAE8-C5FDDDBA0B70}.Release|Any CPU.ActiveCfg = Release|Any CPU
		{391BE8A2-FCF8-4524-AAE8-C5FDDDBA0B70}.Release|Any CPU.Build.0 = Release|Any CPU
		{391BE8A2-FCF8-4524-AAE8-C5FDDDBA0B70}.Release|Any CPU.Deploy.0 = Release|Any CPU
	EndGlobalSection
	GlobalSection(SolutionProperties) = preSolution
		HideSolutionNode = FALSE
	EndGlobalSection
	GlobalSection(ExtensibilityGlobals) = postSolution
		SolutionGuid = {F5137D97-07F3-4D50-88A2-23BF1D91DEE0}
	EndGlobalSection
EndGlobal
